
Microsoft Visual Studio Solution File, Format Version 10.00
# Visual Studio 2008
Project("{8BC9CEB8-8B4A-11D0-8D11-00A0C91BC942}") = "Process_Mix_of_Items", "Process_Mix_of_Items\Process_Mix_of_Items.vcproj", "{291E2969-E655-4EC5-A163-64FAEF252A9B}"
EndProject
Global
	GlobalSection(SolutionConfigurationPlatforms) = preSolution
		Debug|Win32 = Debug|Win32
		Release|Win32 = Release|Win32
	EndGlobalSection
	GlobalSection(ProjectConfigurationPlatforms) = postSolution
		{291E2969-E655-4EC5-A163-64FAEF252A9B}.Debug|Win32.ActiveCfg = Debug|Win32
		{291E2969-E655-4EC5-A163-64FAEF252A9B}.Debug|Win32.Build.0 = Debug|Win32
		{291E2969-E655-4EC5-A163-64FAEF252A9B}.Release|Win32.ActiveCfg = Release|Win32
		{291E2969-E655-4EC5-A163-64FAEF252A9B}.Release|Win32.Build.0 = Release|Win32
	EndGlobalSection
	GlobalSection(SolutionProperties) = preSolution
		HideSolutionNode = FALSE
	EndGlobalSection
EndGlobal
